
Microsoft Visual Studio Solution File, Format Version 12.00
# Visual Studio Version 16
VisualStudioVersion = 16.0.30114.105
MinimumVisualStudioVersion = 10.0.40219.1
Project("{2150E333-8FDC-42A3-9474-1A3956D46DE8}") = "src", "src", "{33881582-8176-4797-80A7-EFA3281F4CC0}"
EndProject
Project("{FAE04EC0-301F-11D3-BF4B-00C04F79EFBC}") = "CustomLinq2", "src\CustomLinq2\CustomLinq2.csproj", "{F0A42F49-59C5-495F-9E74-C9FC19078A03}"
EndProject
Project("{FAE04EC0-301F-11D3-BF4B-00C04F79EFBC}") = "CustomLinq", "src\CustomLinq\CustomLinq.csproj", "{C8B1D3E1-D486-4B1F-9C16-4F960F571F1C}"
EndProject
Project("{FAE04EC0-301F-11D3-BF4B-00C04F79EFBC}") = "Generics", "src\Generics\Generics.csproj", "{3E734358-A97F-4C66-9E06-82B052135D05}"
EndProject
Project("{FAE04EC0-301F-11D3-BF4B-00C04F79EFBC}") = "Generics2", "src\Generics2\Generics2.csproj", "{1F543B63-EE38-4DF6-94A1-876C6A34B1DE}"
EndProject
Project("{FAE04EC0-301F-11D3-BF4B-00C04F79EFBC}") = "Initializers", "src\Initializers\Initializers.csproj", "{9889E1D1-9A0B-47E9-85E3-F121ACEAA588}"
EndProject
Project("{FAE04EC0-301F-11D3-BF4B-00C04F79EFBC}") = "CustomAsync", "src\CustomAsync\CustomAsync.csproj", "{2A7A3233-D7B3-4D58-A85C-64404296F6AC}"
EndProject
Project("{FAE04EC0-301F-11D3-BF4B-00C04F79EFBC}") = "GenericMath", "src\GenericMath\GenericMath.csproj", "{CD8FB725-EB6F-43EC-ABAA-1EF5E4D0BD7A}"
EndProject
Project("{FAE04EC0-301F-11D3-BF4B-00C04F79EFBC}") = "ExampleSourceGenerators", "src\ExampleSourceGenerators\ExampleSourceGenerators.csproj", "{23684C01-F4DD-43F9-8E76-E563A2CEACD8}"
EndProject
Project("{FAE04EC0-301F-11D3-BF4B-00C04F79EFBC}") = "SourceGenerators", "src\SourceGenerators\SourceGenerators.csproj", "{FD45F812-1384-428A-BFA3-F5AB58CDD168}"
EndProject
Project("{FAE04EC0-301F-11D3-BF4B-00C04F79EFBC}") = "Iterators", "Iterators\Iterators.csproj", "{CFD17E3D-2F40-448C-B59F-CF7DC3B38E63}"
EndProject
Global
	GlobalSection(SolutionConfigurationPlatforms) = preSolution
		Debug|Any CPU = Debug|Any CPU
		Release|Any CPU = Release|Any CPU
	EndGlobalSection
	GlobalSection(SolutionProperties) = preSolution
		HideSolutionNode = FALSE
	EndGlobalSection
	GlobalSection(ProjectConfigurationPlatforms) = postSolution
		{F0A42F49-59C5-495F-9E74-C9FC19078A03}.Debug|Any CPU.ActiveCfg = Debug|Any CPU
		{F0A42F49-59C5-495F-9E74-C9FC19078A03}.Debug|Any CPU.Build.0 = Debug|Any CPU
		{F0A42F49-59C5-495F-9E74-C9FC19078A03}.Release|Any CPU.ActiveCfg = Release|Any CPU
		{F0A42F49-59C5-495F-9E74-C9FC19078A03}.Release|Any CPU.Build.0 = Release|Any CPU
		{C8B1D3E1-D486-4B1F-9C16-4F960F571F1C}.Debug|Any CPU.ActiveCfg = Debug|Any CPU
		{C8B1D3E1-D486-4B1F-9C16-4F960F571F1C}.Debug|Any CPU.Build.0 = Debug|Any CPU
		{C8B1D3E1-D486-4B1F-9C16-4F960F571F1C}.Release|Any CPU.ActiveCfg = Release|Any CPU
		{C8B1D3E1-D486-4B1F-9C16-4F960F571F1C}.Release|Any CPU.Build.0 = Release|Any CPU
		{3E734358-A97F-4C66-9E06-82B052135D05}.Debug|Any CPU.ActiveCfg = Debug|Any CPU
		{3E734358-A97F-4C66-9E06-82B052135D05}.Debug|Any CPU.Build.0 = Debug|Any CPU
		{3E734358-A97F-4C66-9E06-82B052135D05}.Release|Any CPU.ActiveCfg = Release|Any CPU
		{3E734358-A97F-4C66-9E06-82B052135D05}.Release|Any CPU.Build.0 = Release|Any CPU
		{1F543B63-EE38-4DF6-94A1-876C6A34B1DE}.Debug|Any CPU.ActiveCfg = Debug|Any CPU
		{1F543B63-EE38-4DF6-94A1-876C6A34B1DE}.Debug|Any CPU.Build.0 = Debug|Any CPU
		{1F543B63-EE38-4DF6-94A1-876C6A34B1DE}.Release|Any CPU.ActiveCfg = Release|Any CPU
		{1F543B63-EE38-4DF6-94A1-876C6A34B1DE}.Release|Any CPU.Build.0 = Release|Any CPU
		{9889E1D1-9A0B-47E9-85E3-F121ACEAA588}.Debug|Any CPU.ActiveCfg = Debug|Any CPU
		{9889E1D1-9A0B-47E9-85E3-F121ACEAA588}.Debug|Any CPU.Build.0 = Debug|Any CPU
		{9889E1D1-9A0B-47E9-85E3-F121ACEAA588}.Release|Any CPU.ActiveCfg = Release|Any CPU
		{9889E1D1-9A0B-47E9-85E3-F121ACEAA588}.Release|Any CPU.Build.0 = Release|Any CPU
		{2A7A3233-D7B3-4D58-A85C-64404296F6AC}.Debug|Any CPU.ActiveCfg = Debug|Any CPU
		{2A7A3233-D7B3-4D58-A85C-64404296F6AC}.Debug|Any CPU.Build.0 = Debug|Any CPU
		{2A7A3233-D7B3-4D58-A85C-64404296F6AC}.Release|Any CPU.ActiveCfg = Release|Any CPU
		{2A7A3233-D7B3-4D58-A85C-64404296F6AC}.Release|Any CPU.Build.0 = Release|Any CPU
		{CD8FB725-EB6F-43EC-ABAA-1EF5E4D0BD7A}.Debug|Any CPU.ActiveCfg = Debug|Any CPU
		{CD8FB725-EB6F-43EC-ABAA-1EF5E4D0BD7A}.Debug|Any CPU.Build.0 = Debug|Any CPU
		{CD8FB725-EB6F-43EC-ABAA-1EF5E4D0BD7A}.Release|Any CPU.ActiveCfg = Release|Any CPU
		{CD8FB725-EB6F-43EC-ABAA-1EF5E4D0BD7A}.Release|Any CPU.Build.0 = Release|Any CPU
		{23684C01-F4DD-43F9-8E76-E563A2CEACD8}.Debug|Any CPU.ActiveCfg = Debug|Any CPU
		{23684C01-F4DD-43F9-8E76-E563A2CEACD8}.Debug|Any CPU.Build.0 = Debug|Any CPU
		{23684C01-F4DD-43F9-8E76-E563A2CEACD8}.Release|Any CPU.ActiveCfg = Release|Any CPU
		{23684C01-F4DD-43F9-8E76-E563A2CEACD8}.Release|Any CPU.Build.0 = Release|Any CPU
		{FD45F812-1384-428A-BFA3-F5AB58CDD168}.Debug|Any CPU.ActiveCfg = Debug|Any CPU
		{FD45F812-1384-428A-BFA3-F5AB58CDD168}.Debug|Any CPU.Build.0 = Debug|Any CPU
		{FD45F812-1384-428A-BFA3-F5AB58CDD168}.Release|Any CPU.ActiveCfg = Release|Any CPU
		{FD45F812-1384-428A-BFA3-F5AB58CDD168}.Release|Any CPU.Build.0 = Release|Any CPU
		{CFD17E3D-2F40-448C-B59F-CF7DC3B38E63}.Debug|Any CPU.ActiveCfg = Debug|Any CPU
		{CFD17E3D-2F40-448C-B59F-CF7DC3B38E63}.Debug|Any CPU.Build.0 = Debug|Any CPU
		{CFD17E3D-2F40-448C-B59F-CF7DC3B38E63}.Release|Any CPU.ActiveCfg = Release|Any CPU
		{CFD17E3D-2F40-448C-B59F-CF7DC3B38E63}.Release|Any CPU.Build.0 = Release|Any CPU
	EndGlobalSection
	GlobalSection(NestedProjects) = preSolution
		{F0A42F49-59C5-495F-9E74-C9FC19078A03} = {33881582-8176-4797-80A7-EFA3281F4CC0}
		{C8B1D3E1-D486-4B1F-9C16-4F960F571F1C} = {33881582-8176-4797-80A7-EFA3281F4CC0}
		{3E734358-A97F-4C66-9E06-82B052135D05} = {33881582-8176-4797-80A7-EFA3281F4CC0}
		{1F543B63-EE38-4DF6-94A1-876C6A34B1DE} = {33881582-8176-4797-80A7-EFA3281F4CC0}
		{9889E1D1-9A0B-47E9-85E3-F121ACEAA588} = {33881582-8176-4797-80A7-EFA3281F4CC0}
		{2A7A3233-D7B3-4D58-A85C-64404296F6AC} = {33881582-8176-4797-80A7-EFA3281F4CC0}
		{CD8FB725-EB6F-43EC-ABAA-1EF5E4D0BD7A} = {33881582-8176-4797-80A7-EFA3281F4CC0}
		{23684C01-F4DD-43F9-8E76-E563A2CEACD8} = {33881582-8176-4797-80A7-EFA3281F4CC0}
		{FD45F812-1384-428A-BFA3-F5AB58CDD168} = {33881582-8176-4797-80A7-EFA3281F4CC0}
		{CFD17E3D-2F40-448C-B59F-CF7DC3B38E63} = {33881582-8176-4797-80A7-EFA3281F4CC0}
	EndGlobalSection
EndGlobal
